
Microsoft Visual Studio Solution File, Format Version 12.00
# Visual Studio Version 16
VisualStudioVersion = 16.0.32510.428
MinimumVisualStudioVersion = 10.0.40219.1
Project("{9A19103F-16F7-4668-BE54-9A1E7A4F7556}") = "MISA.AMIS.Application", "WebApplication\MISA.AMIS.Application.csproj", "{A928B4BA-5C20-47A0-8B24-7B5285EC0933}"
EndProject
Project("{FAE04EC0-301F-11D3-BF4B-00C04F79EFBC}") = "MISA.AMIS.BL", "WebDomain\MISA.AMIS.BL.csproj", "{68D35CC3-8B9F-4588-8FCE-70E8C3134521}"
EndProject
Project("{FAE04EC0-301F-11D3-BF4B-00C04F79EFBC}") = "MISA.AMIS.DL", "WebInfrastructure\MISA.AMIS.DL.csproj", "{A2D5B77A-D716-43C2-B253-310A373D6E33}"
EndProject
Project("{FAE04EC0-301F-11D3-BF4B-00C04F79EFBC}") = "MISA.AMIS.Common", "WebCommon\MISA.AMIS.Common.csproj", "{C22D2092-B038-4BE3-9CBB-20875822A41F}"
EndProject
Global
	GlobalSection(SolutionConfigurationPlatforms) = preSolution
		Debug|Any CPU = Debug|Any CPU
		Release|Any CPU = Release|Any CPU
	EndGlobalSection
	GlobalSection(ProjectConfigurationPlatforms) = postSolution
		{A928B4BA-5C20-47A0-8B24-7B5285EC0933}.Debug|Any CPU.ActiveCfg = Debug|Any CPU
		{A928B4BA-5C20-47A0-8B24-7B5285EC0933}.Debug|Any CPU.Build.0 = Debug|Any CPU
		{A928B4BA-5C20-47A0-8B24-7B5285EC0933}.Release|Any CPU.ActiveCfg = Release|Any CPU
		{A928B4BA-5C20-47A0-8B24-7B5285EC0933}.Release|Any CPU.Build.0 = Release|Any CPU
		{68D35CC3-8B9F-4588-8FCE-70E8C3134521}.Debug|Any CPU.ActiveCfg = Debug|Any CPU
		{68D35CC3-8B9F-4588-8FCE-70E8C3134521}.Debug|Any CPU.Build.0 = Debug|Any CPU
		{68D35CC3-8B9F-4588-8FCE-70E8C3134521}.Release|Any CPU.ActiveCfg = Release|Any CPU
		{68D35CC3-8B9F-4588-8FCE-70E8C3134521}.Release|Any CPU.Build.0 = Release|Any CPU
		{A2D5B77A-D716-43C2-B253-310A373D6E33}.Debug|Any CPU.ActiveCfg = Debug|Any CPU
		{A2D5B77A-D716-43C2-B253-310A373D6E33}.Debug|Any CPU.Build.0 = Debug|Any CPU
		{A2D5B77A-D716-43C2-B253-310A373D6E33}.Release|Any CPU.ActiveCfg = Release|Any CPU
		{A2D5B77A-D716-43C2-B253-310A373D6E33}.Release|Any CPU.Build.0 = Release|Any CPU
		{C22D2092-B038-4BE3-9CBB-20875822A41F}.Debug|Any CPU.ActiveCfg = Debug|Any CPU
		{C22D2092-B038-4BE3-9CBB-20875822A41F}.Debug|Any CPU.Build.0 = Debug|Any CPU
		{C22D2092-B038-4BE3-9CBB-20875822A41F}.Release|Any CPU.ActiveCfg = Release|Any CPU
		{C22D2092-B038-4BE3-9CBB-20875822A41F}.Release|Any CPU.Build.0 = Release|Any CPU
	EndGlobalSection
	GlobalSection(SolutionProperties) = preSolution
		HideSolutionNode = FALSE
	EndGlobalSection
	GlobalSection(ExtensibilityGlobals) = postSolution
		SolutionGuid = {DEA261A9-E70B-4DC1-9C56-22E750B34B4D}
	EndGlobalSection
EndGlobal
